
Microsoft Visual Studio Solution File, Format Version 12.00
# Visual Studio Version 16
VisualStudioVersion = 25.0.1706.14
MinimumVisualStudioVersion = 10.0.40219.1
Project("{FAE04EC0-301F-11D3-BF4B-00C04F79EFBC}") = "FastFood.Api", "FastFood.Api\FastFood.Api.csproj", "{50E8A8B3-28F2-4C00-BB60-477947B6CC0D}"
EndProject
Project("{FAE04EC0-301F-11D3-BF4B-00C04F79EFBC}") = "FastFood.Infrastructure", "FastFood.Infrastructure\FastFood.Infrastructure.csproj", "{FDFDDACF-F1AA-4EE5-88B1-B9C4CE3003D9}"
EndProject
Project("{FAE04EC0-301F-11D3-BF4B-00C04F79EFBC}") = "FastFood.Application", "FastFood.Application\FastFood.Application.csproj", "{218E083E-83BF-4936-832E-8628649EE867}"
EndProject
Project("{FAE04EC0-301F-11D3-BF4B-00C04F79EFBC}") = "FastFood.Domain", "FastFood.Domain\FastFood.Domain.csproj", "{A9C4EEA9-13B1-4C26-A3B8-DBEC3F7D1A18}"
EndProject
Global
	GlobalSection(SolutionConfigurationPlatforms) = preSolution
		Debug|Any CPU = Debug|Any CPU
		Debug|x64 = Debug|x64
		Debug|x86 = Debug|x86
		Release|Any CPU = Release|Any CPU
		Release|x64 = Release|x64
		Release|x86 = Release|x86
	EndGlobalSection
	GlobalSection(ProjectConfigurationPlatforms) = postSolution
		{50E8A8B3-28F2-4C00-BB60-477947B6CC0D}.Debug|Any CPU.ActiveCfg = Debug|Any CPU
		{50E8A8B3-28F2-4C00-BB60-477947B6CC0D}.Debug|Any CPU.Build.0 = Debug|Any CPU
		{50E8A8B3-28F2-4C00-BB60-477947B6CC0D}.Debug|x64.ActiveCfg = Debug|Any CPU
		{50E8A8B3-28F2-4C00-BB60-477947B6CC0D}.Debug|x64.Build.0 = Debug|Any CPU
		{50E8A8B3-28F2-4C00-BB60-477947B6CC0D}.Debug|x86.ActiveCfg = Debug|Any CPU
		{50E8A8B3-28F2-4C00-BB60-477947B6CC0D}.Debug|x86.Build.0 = Debug|Any CPU
		{50E8A8B3-28F2-4C00-BB60-477947B6CC0D}.Release|Any CPU.ActiveCfg = Release|Any CPU
		{50E8A8B3-28F2-4C00-BB60-477947B6CC0D}.Release|Any CPU.Build.0 = Release|Any CPU
		{50E8A8B3-28F2-4C00-BB60-477947B6CC0D}.Release|x64.ActiveCfg = Release|Any CPU
		{50E8A8B3-28F2-4C00-BB60-477947B6CC0D}.Release|x64.Build.0 = Release|Any CPU
		{50E8A8B3-28F2-4C00-BB60-477947B6CC0D}.Release|x86.ActiveCfg = Release|Any CPU
		{50E8A8B3-28F2-4C00-BB60-477947B6CC0D}.Release|x86.Build.0 = Release|Any CPU
		{FDFDDACF-F1AA-4EE5-88B1-B9C4CE3003D9}.Debug|Any CPU.ActiveCfg = Debug|Any CPU
		{FDFDDACF-F1AA-4EE5-88B1-B9C4CE3003D9}.Debug|Any CPU.Build.0 = Debug|Any CPU
		{FDFDDACF-F1AA-4EE5-88B1-B9C4CE3003D9}.Debug|x64.ActiveCfg = Debug|Any CPU
		{FDFDDACF-F1AA-4EE5-88B1-B9C4CE3003D9}.Debug|x64.Build.0 = Debug|Any CPU
		{FDFDDACF-F1AA-4EE5-88B1-B9C4CE3003D9}.Debug|x86.ActiveCfg = Debug|Any CPU
		{FDFDDACF-F1AA-4EE5-88B1-B9C4CE3003D9}.Debug|x86.Build.0 = Debug|Any CPU
		{FDFDDACF-F1AA-4EE5-88B1-B9C4CE3003D9}.Release|Any CPU.ActiveCfg = Release|Any CPU
		{FDFDDACF-F1AA-4EE5-88B1-B9C4CE3003D9}.Release|Any CPU.Build.0 = Release|Any CPU
		{FDFDDACF-F1AA-4EE5-88B1-B9C4CE3003D9}.Release|x64.ActiveCfg = Release|Any CPU
		{FDFDDACF-F1AA-4EE5-88B1-B9C4CE3003D9}.Release|x64.Build.0 = Release|Any CPU
		{FDFDDACF-F1AA-4EE5-88B1-B9C4CE3003D9}.Release|x86.ActiveCfg = Release|Any CPU
		{FDFDDACF-F1AA-4EE5-88B1-B9C4CE3003D9}.Release|x86.Build.0 = Release|Any CPU
		{218E083E-83BF-4936-832E-8628649EE867}.Debug|Any CPU.ActiveCfg = Debug|Any CPU
		{218E083E-83BF-4936-832E-8628649EE867}.Debug|Any CPU.Build.0 = Debug|Any CPU
		{218E083E-83BF-4936-832E-8628649EE867}.Debug|x64.ActiveCfg = Debug|Any CPU
		{218E083E-83BF-4936-832E-8628649EE867}.Debug|x64.Build.0 = Debug|Any CPU
		{218E083E-83BF-4936-832E-8628649EE867}.Debug|x86.ActiveCfg = Debug|Any CPU
		{218E083E-83BF-4936-832E-8628649EE867}.Debug|x86.Build.0 = Debug|Any CPU
		{218E083E-83BF-4936-832E-8628649EE867}.Release|Any CPU.ActiveCfg = Release|Any CPU
		{218E083E-83BF-4936-832E-8628649EE867}.Release|Any CPU.Build.0 = Release|Any CPU
		{218E083E-83BF-4936-832E-8628649EE867}.Release|x64.ActiveCfg = Release|Any CPU
		{218E083E-83BF-4936-832E-8628649EE867}.Release|x64.Build.0 = Release|Any CPU
		{218E083E-83BF-4936-832E-8628649EE867}.Release|x86.ActiveCfg = Release|Any CPU
		{218E083E-83BF-4936-832E-8628649EE867}.Release|x86.Build.0 = Release|Any CPU
		{A9C4EEA9-13B1-4C26-A3B8-DBEC3F7D1A18}.Debug|Any CPU.ActiveCfg = Debug|Any CPU
		{A9C4EEA9-13B1-4C26-A3B8-DBEC3F7D1A18}.Debug|Any CPU.Build.0 = Debug|Any CPU
		{A9C4EEA9-13B1-4C26-A3B8-DBEC3F7D1A18}.Debug|x64.ActiveCfg = Debug|Any CPU
		{A9C4EEA9-13B1-4C26-A3B8-DBEC3F7D1A18}.Debug|x64.Build.0 = Debug|Any CPU
		{A9C4EEA9-13B1-4C26-A3B8-DBEC3F7D1A18}.Debug|x86.ActiveCfg = Debug|Any CPU
		{A9C4EEA9-13B1-4C26-A3B8-DBEC3F7D1A18}.Debug|x86.Build.0 = Debug|Any CPU
		{A9C4EEA9-13B1-4C26-A3B8-DBEC3F7D1A18}.Release|Any CPU.ActiveCfg = Release|Any CPU
		{A9C4EEA9-13B1-4C26-A3B8-DBEC3F7D1A18}.Release|Any CPU.Build.0 = Release|Any CPU
		{A9C4EEA9-13B1-4C26-A3B8-DBEC3F7D1A18}.Release|x64.ActiveCfg = Release|Any CPU
		{A9C4EEA9-13B1-4C26-A3B8-DBEC3F7D1A18}.Release|x64.Build.0 = Release|Any CPU
		{A9C4EEA9-13B1-4C26-A3B8-DBEC3F7D1A18}.Release|x86.ActiveCfg = Release|Any CPU
		{A9C4EEA9-13B1-4C26-A3B8-DBEC3F7D1A18}.Release|x86.Build.0 = Release|Any CPU
	EndGlobalSection
	GlobalSection(SolutionProperties) = preSolution
		HideSolutionNode = FALSE
	EndGlobalSection
	GlobalSection(ExtensibilityGlobals) = postSolution
		SolutionGuid = {F45432D4-04DE-480B-BF91-63FB23FE6AEC}
	EndGlobalSection
EndGlobal
